
Microsoft Visual Studio Solution File, Format Version 12.00
# Visual Studio 15
VisualStudioVersion = 15.0.27004.2010
MinimumVisualStudioVersion = 10.0.40219.1
Project("{E24C65DC-7377-472B-9ABA-BC803B73C61A}") = "ISM330 Project", ".", "{9175B5E0-58A6-44C3-918F-1242A2DF92B0}"
	ProjectSection(WebsiteProperties) = preProject
		TargetFrameworkMoniker = ".NETFramework,Version%3Dv4.5"
		Debug.AspNetCompiler.VirtualPath = "/localhost_49738"
		Debug.AspNetCompiler.PhysicalPath = "..\ISM330 Project AustinAllen\"
		Debug.AspNetCompiler.TargetPath = "PrecompiledWeb\localhost_49738\"
		Debug.AspNetCompiler.Updateable = "true"
		Debug.AspNetCompiler.ForceOverwrite = "true"
		Debug.AspNetCompiler.FixedNames = "false"
		Debug.AspNetCompiler.Debug = "True"
		Release.AspNetCompiler.VirtualPath = "/localhost_49738"
		Release.AspNetCompiler.PhysicalPath = "..\ISM330 Project AustinAllen\"
		Release.AspNetCompiler.TargetPath = "PrecompiledWeb\localhost_49738\"
		Release.AspNetCompiler.Updateable = "true"
		Release.AspNetCompiler.ForceOverwrite = "true"
		Release.AspNetCompiler.FixedNames = "false"
		Release.AspNetCompiler.Debug = "False"
		VWDPort = "49738"
		SlnRelativePath = "..\ISM330 Project AustinAllen\"
	EndProjectSection
EndProject
Global
	GlobalSection(SolutionConfigurationPlatforms) = preSolution
		Debug|Any CPU = Debug|Any CPU
	EndGlobalSection
	GlobalSection(ProjectConfigurationPlatforms) = postSolution
		{9175B5E0-58A6-44C3-918F-1242A2DF92B0}.Debug|Any CPU.ActiveCfg = Debug|Any CPU
		{9175B5E0-58A6-44C3-918F-1242A2DF92B0}.Debug|Any CPU.Build.0 = Debug|Any CPU
	EndGlobalSection
	GlobalSection(SolutionProperties) = preSolution
		HideSolutionNode = FALSE
	EndGlobalSection
	GlobalSection(ExtensibilityGlobals) = postSolution
		SolutionGuid = {629210D1-3BAB-4932-8FFE-5D83BB19DEC5}
	EndGlobalSection
EndGlobal
